
Microsoft Visual Studio Solution File, Format Version 12.00
# Visual Studio Version 16
VisualStudioVersion = 16.0.30218.91
MinimumVisualStudioVersion = 10.0.40219.1
Project("{FAE04EC0-301F-11D3-BF4B-00C04F79EFBC}") = "BlazorApp1demo", "BlazorApp1demo\BlazorApp1demo.csproj", "{1C08F6AF-FDA8-4F85-B948-D9E7C40D0857}"
EndProject
Global
	GlobalSection(SolutionConfigurationPlatforms) = preSolution
		Debug|Any CPU = Debug|Any CPU
		Release|Any CPU = Release|Any CPU
	EndGlobalSection
	GlobalSection(ProjectConfigurationPlatforms) = postSolution
		{1C08F6AF-FDA8-4F85-B948-D9E7C40D0857}.Debug|Any CPU.ActiveCfg = Debug|Any CPU
		{1C08F6AF-FDA8-4F85-B948-D9E7C40D0857}.Debug|Any CPU.Build.0 = Debug|Any CPU
		{1C08F6AF-FDA8-4F85-B948-D9E7C40D0857}.Release|Any CPU.ActiveCfg = Release|Any CPU
		{1C08F6AF-FDA8-4F85-B948-D9E7C40D0857}.Release|Any CPU.Build.0 = Release|Any CPU
	EndGlobalSection
	GlobalSection(SolutionProperties) = preSolution
		HideSolutionNode = FALSE
	EndGlobalSection
	GlobalSection(ExtensibilityGlobals) = postSolution
		SolutionGuid = {DE81836A-0A62-43D9-ACFC-4CD40A72EAE5}
	EndGlobalSection
EndGlobal
